{
  "nodes": {
    "clicks-server": {
      "inputs": {
        "deploy-rs": "deploy-rs",
        "flake-utils": "flake-utils",
        "home-manager": "home-manager",
        "nixpkgs": "nixpkgs_2",
        "scalpel": "scalpel",
        "sops-nix": "sops-nix"
      },
      "locked": {
        "lastModified": 1686252801,
        "narHash": "sha256-ASguQr5onfE7HzawjAvhck2y7NDZ3bdhqFC8O3/XrXU=",
        "owner": "clicksminuteper",
        "repo": "nixfiles",
        "rev": "7f3559f9a56d28b8f5352040f18305082a6dacc0",
        "type": "github"
      },
      "original": {
        "owner": "clicksminuteper",
        "repo": "nixfiles",
        "type": "github"
      }
    },
    "deploy-rs": {
      "inputs": {
        "flake-compat": "flake-compat",
        "nixpkgs": "nixpkgs",
        "utils": "utils"
      },
      "locked": {
        "lastModified": 1685948350,
        "narHash": "sha256-1FldJ059so0X/rScdbIiOlQbjjSNCCTdj2cUr5pHU4A=",
        "owner": "serokell",
        "repo": "deploy-rs",
        "rev": "65211db63ba1199f09b4c9f27e5eba5ec50d76ac",
        "type": "github"
      },
      "original": {
        "owner": "serokell",
        "repo": "deploy-rs",
        "type": "github"
      }
    },
    "flake-compat": {
      "flake": false,
      "locked": {
        "lastModified": 1668681692,
        "narHash": "sha256-Ht91NGdewz8IQLtWZ9LCeNXMSXHUss+9COoqu6JLmXU=",
        "owner": "edolstra",
        "repo": "flake-compat",
        "rev": "009399224d5e398d03b22badca40a37ac85412a1",
        "type": "github"
      },
      "original": {
        "owner": "edolstra",
        "repo": "flake-compat",
        "type": "github"
      }
    },
    "flake-utils": {
      "inputs": {
        "systems": "systems"
      },
      "locked": {
        "lastModified": 1685518550,
        "narHash": "sha256-o2d0KcvaXzTrPRIo0kOLV0/QXHhDQ5DTi+OxcjO8xqY=",
        "owner": "numtide",
        "repo": "flake-utils",
        "rev": "a1720a10a6cfe8234c0e93907ffe81be440f4cef",
        "type": "github"
      },
      "original": {
        "owner": "numtide",
        "repo": "flake-utils",
        "type": "github"
      }
    },
    "flake-utils_2": {
      "inputs": {
        "systems": "systems_2"
      },
      "locked": {
        "lastModified": 1685518550,
        "narHash": "sha256-o2d0KcvaXzTrPRIo0kOLV0/QXHhDQ5DTi+OxcjO8xqY=",
        "owner": "numtide",
        "repo": "flake-utils",
        "rev": "a1720a10a6cfe8234c0e93907ffe81be440f4cef",
        "type": "github"
      },
      "original": {
        "owner": "numtide",
        "repo": "flake-utils",
        "type": "github"
      }
    },
    "flake-utils_3": {
      "inputs": {
        "systems": "systems_3"
      },
      "locked": {
        "lastModified": 1685518550,
        "narHash": "sha256-o2d0KcvaXzTrPRIo0kOLV0/QXHhDQ5DTi+OxcjO8xqY=",
        "owner": "numtide",
        "repo": "flake-utils",
        "rev": "a1720a10a6cfe8234c0e93907ffe81be440f4cef",
        "type": "github"
      },
      "original": {
        "owner": "numtide",
        "repo": "flake-utils",
        "type": "github"
      }
    },
    "home-manager": {
      "inputs": {
        "nixpkgs": [
          "clicks-server",
          "nixpkgs"
        ]
      },
      "locked": {
        "lastModified": 1685599623,
        "narHash": "sha256-Tob4CMOVHue0D3RzguDBCtUmX5ji2PsdbQDbIOIKvsc=",
        "owner": "nix-community",
        "repo": "home-manager",
        "rev": "93db05480c0c0f30382d3e80779e8386dcb4f9dd",
        "type": "github"
      },
      "original": {
        "owner": "nix-community",
        "ref": "release-23.05",
        "repo": "home-manager",
        "type": "github"
      }
    },
    "nixpkgs": {
      "locked": {
        "lastModified": 1671417167,
        "narHash": "sha256-JkHam6WQOwZN1t2C2sbp1TqMv3TVRjzrdoejqfefwrM=",
        "owner": "NixOS",
        "repo": "nixpkgs",
        "rev": "bb31220cca6d044baa6dc2715b07497a2a7c4bc7",
        "type": "github"
      },
      "original": {
        "owner": "NixOS",
        "ref": "nixpkgs-unstable",
        "repo": "nixpkgs",
        "type": "github"
      }
    },
    "nixpkgs-stable": {
      "locked": {
        "lastModified": 1685758009,
        "narHash": "sha256-IT4Z5WGhafrq+xbDTyuKrRPRQ1f+kVOtE+4JU1CHFeo=",
        "owner": "NixOS",
        "repo": "nixpkgs",
        "rev": "eaf03591711b46d21abc7082a8ebee4681f9dbeb",
        "type": "github"
      },
      "original": {
        "owner": "NixOS",
        "ref": "release-22.11",
        "repo": "nixpkgs",
        "type": "github"
      }
    },
    "nixpkgs_2": {
      "locked": {
        "lastModified": 1686059680,
        "narHash": "sha256-sp0WlCIeVczzB0G8f8iyRg3IYW7KG31mI66z7HIZwrI=",
        "owner": "nixos",
        "repo": "nixpkgs",
        "rev": "a558f7ac29f50c4b937fb5c102f587678ae1c9fb",
        "type": "github"
      },
      "original": {
        "owner": "nixos",
        "ref": "nixos-23.05",
        "repo": "nixpkgs",
        "type": "github"
      }
    },
    "pnpm2nix": {
      "inputs": {
        "flake-utils": "flake-utils_3",
        "nixpkgs": [
          "nixpkgs"
        ]
      },
      "locked": {
        "lastModified": 1686173255,
        "narHash": "sha256-G9HiMDCnK+YeIb+lpLxsRg+/Kk2pz/PSlEtFe8Yi138=",
        "owner": "clicksminuteper",
        "repo": "pnpm2nix",
        "rev": "f91bc86c6d2b1c2c3c4f476835b5ec01b750e898",
        "type": "github"
      },
      "original": {
        "owner": "clicksminuteper",
        "repo": "pnpm2nix",
        "type": "github"
      }
    },
    "root": {
      "inputs": {
        "clicks-server": "clicks-server",
        "flake-utils": "flake-utils_2",
        "nixpkgs": [
          "clicks-server",
          "nixpkgs"
        ],
        "pnpm2nix": "pnpm2nix"
      }
    },
    "scalpel": {
      "inputs": {
        "nixpkgs": [
          "clicks-server",
          "nixpkgs"
        ],
        "sops-nix": [
          "clicks-server",
          "sops-nix"
        ]
      },
      "locked": {
        "lastModified": 1655566736,
        "narHash": "sha256-Vyolf8j7QcAHyVTQMqS8EGYZ/P6leJtiVNhYyIxoMRw=",
        "owner": "polygon",
        "repo": "scalpel",
        "rev": "16c2103d613bb1c7adc6dbf2a17c2980ce08567f",
        "type": "github"
      },
      "original": {
        "owner": "polygon",
        "repo": "scalpel",
        "type": "github"
      }
    },
    "sops-nix": {
      "inputs": {
        "nixpkgs": [
          "clicks-server",
          "nixpkgs"
        ],
        "nixpkgs-stable": "nixpkgs-stable"
      },
      "locked": {
        "lastModified": 1685848844,
        "narHash": "sha256-Iury+/SVbAwLES76QJSiKFiQDzmf/8Hsq8j54WF2qyw=",
        "owner": "Mic92",
        "repo": "sops-nix",
        "rev": "a522e12ee35e50fa7d902a164a9796e420e6e75b",
        "type": "github"
      },
      "original": {
        "owner": "Mic92",
        "repo": "sops-nix",
        "type": "github"
      }
    },
    "systems": {
      "locked": {
        "lastModified": 1681028828,
        "narHash": "sha256-Vy1rq5AaRuLzOxct8nz4T6wlgyUR7zLU309k9mBC768=",
        "owner": "nix-systems",
        "repo": "default",
        "rev": "da67096a3b9bf56a91d16901293e51ba5b49a27e",
        "type": "github"
      },
      "original": {
        "owner": "nix-systems",
        "repo": "default",
        "type": "github"
      }
    },
    "systems_2": {
      "locked": {
        "lastModified": 1681028828,
        "narHash": "sha256-Vy1rq5AaRuLzOxct8nz4T6wlgyUR7zLU309k9mBC768=",
        "owner": "nix-systems",
        "repo": "default",
        "rev": "da67096a3b9bf56a91d16901293e51ba5b49a27e",
        "type": "github"
      },
      "original": {
        "owner": "nix-systems",
        "repo": "default",
        "type": "github"
      }
    },
    "systems_3": {
      "locked": {
        "lastModified": 1681028828,
        "narHash": "sha256-Vy1rq5AaRuLzOxct8nz4T6wlgyUR7zLU309k9mBC768=",
        "owner": "nix-systems",
        "repo": "default",
        "rev": "da67096a3b9bf56a91d16901293e51ba5b49a27e",
        "type": "github"
      },
      "original": {
        "owner": "nix-systems",
        "repo": "default",
        "type": "github"
      }
    },
    "utils": {
      "locked": {
        "lastModified": 1667395993,
        "narHash": "sha256-nuEHfE/LcWyuSWnS8t12N1wc105Qtau+/OdUAjtQ0rA=",
        "owner": "numtide",
        "repo": "flake-utils",
        "rev": "5aed5285a952e0b949eb3ba02c12fa4fcfef535f",
        "type": "github"
      },
      "original": {
        "owner": "numtide",
        "repo": "flake-utils",
        "type": "github"
      }
    }
  },
  "root": "root",
  "version": 7
}
